
Microsoft Visual Studio Solution File, Format Version 12.00
# Visual Studio Version 17
VisualStudioVersion = 17.3.32929.385
MinimumVisualStudioVersion = 10.0.40219.1
Project("{FAE04EC0-301F-11D3-BF4B-00C04F79EFBC}") = "Esercizio pane e salame v2", "Esercizio pane e salame v2\Esercizio pane e salame v2.csproj", "{0A5710C0-739D-4400-A30B-367A14BEBAE0}"
EndProject
Global
	GlobalSection(SolutionConfigurationPlatforms) = preSolution
		Debug|Any CPU = Debug|Any CPU
		Release|Any CPU = Release|Any CPU
	EndGlobalSection
	GlobalSection(ProjectConfigurationPlatforms) = postSolution
		{0A5710C0-739D-4400-A30B-367A14BEBAE0}.Debug|Any CPU.ActiveCfg = Debug|Any CPU
		{0A5710C0-739D-4400-A30B-367A14BEBAE0}.Debug|Any CPU.Build.0 = Debug|Any CPU
		{0A5710C0-739D-4400-A30B-367A14BEBAE0}.Release|Any CPU.ActiveCfg = Release|Any CPU
		{0A5710C0-739D-4400-A30B-367A14BEBAE0}.Release|Any CPU.Build.0 = Release|Any CPU
	EndGlobalSection
	GlobalSection(SolutionProperties) = preSolution
		HideSolutionNode = FALSE
	EndGlobalSection
	GlobalSection(ExtensibilityGlobals) = postSolution
		SolutionGuid = {557ACB91-F869-4152-9E83-6A22CE70B59D}
	EndGlobalSection
EndGlobal
